
Microsoft Visual Studio Solution File, Format Version 12.00
# Visual Studio 15
VisualStudioVersion = 15.0.27428.2043
MinimumVisualStudioVersion = 10.0.40219.1
Project("{9A19103F-16F7-4668-BE54-9A1E7A4F7556}") = "MicroPredicate", "MicroPredicate\MicroPredicate.csproj", "{4B0C5088-6EB1-48CE-AEE5-D19ABF4BCE2D}"
EndProject
Project("{FAE04EC0-301F-11D3-BF4B-00C04F79EFBC}") = "MicroPredicate.Test", "MicroPredicate.Test\MicroPredicate.Test.csproj", "{93985750-20B9-4965-8D10-5166D812E24C}"
EndProject
Global
	GlobalSection(SolutionConfigurationPlatforms) = preSolution
		Debug|Any CPU = Debug|Any CPU
		Release|Any CPU = Release|Any CPU
	EndGlobalSection
	GlobalSection(ProjectConfigurationPlatforms) = postSolution
		{4B0C5088-6EB1-48CE-AEE5-D19ABF4BCE2D}.Debug|Any CPU.ActiveCfg = Debug|Any CPU
		{4B0C5088-6EB1-48CE-AEE5-D19ABF4BCE2D}.Debug|Any CPU.Build.0 = Debug|Any CPU
		{4B0C5088-6EB1-48CE-AEE5-D19ABF4BCE2D}.Release|Any CPU.ActiveCfg = Release|Any CPU
		{4B0C5088-6EB1-48CE-AEE5-D19ABF4BCE2D}.Release|Any CPU.Build.0 = Release|Any CPU
		{93985750-20B9-4965-8D10-5166D812E24C}.Debug|Any CPU.ActiveCfg = Debug|Any CPU
		{93985750-20B9-4965-8D10-5166D812E24C}.Debug|Any CPU.Build.0 = Debug|Any CPU
		{93985750-20B9-4965-8D10-5166D812E24C}.Release|Any CPU.ActiveCfg = Release|Any CPU
		{93985750-20B9-4965-8D10-5166D812E24C}.Release|Any CPU.Build.0 = Release|Any CPU
	EndGlobalSection
	GlobalSection(SolutionProperties) = preSolution
		HideSolutionNode = FALSE
	EndGlobalSection
	GlobalSection(ExtensibilityGlobals) = postSolution
		SolutionGuid = {6E8A3EE9-AA94-472B-B208-BF761545ACE7}
	EndGlobalSection
EndGlobal
